// !$*UTF8*$!
{
	archiveVersion = 1;
	classes = {
	};
	objectVersion = 46;
	objects = {

/* Begin PBXBuildFile section */
		3803C56B18D2FFC2007D6A32 /* Foundation.framework in Frameworks */ = {isa = PBXBuildFile; fileRef = 3803C56A18D2FFC2007D6A32 /* Foundation.framework */; };
		3803C56D18D2FFC2007D6A32 /* CoreGraphics.framework in Frameworks */ = {isa = PBXBuildFile; fileRef = 3803C56C18D2FFC2007D6A32 /* CoreGraphics.framework */; };
		3803C56F18D2FFC2007D6A32 /* UIKit.framework in Frameworks */ = {isa = PBXBuildFile; fileRef = 3803C56E18D2FFC2007D6A32 /* UIKit.framework */; };
		3803C57118D2FFC2007D6A32 /* CoreData.framework in Frameworks */ = {isa = PBXBuildFile; fileRef = 3803C57018D2FFC2007D6A32 /* CoreData.framework */; };
		3803C57718D2FFC2007D6A32 /* InfoPlist.strings in Resources */ = {isa = PBXBuildFile; fileRef = 3803C57518D2FFC2007D6A32 /* InfoPlist.strings */; };
		3803C57918D2FFC2007D6A32 /* main.m in Sources */ = {isa = PBXBuildFile; fileRef = 3803C57818D2FFC2007D6A32 /* main.m */; };
		3803C57D18D2FFC2007D6A32 /* SSAppDelegate.m in Sources */ = {isa = PBXBuildFile; fileRef = 3803C57C18D2FFC2007D6A32 /* SSAppDelegate.m */; };
		3803C58018D2FFC2007D6A32 /* SemanaSantaApp.xcdatamodeld in Sources */ = {isa = PBXBuildFile; fileRef = 3803C57E18D2FFC2007D6A32 /* SemanaSantaApp.xcdatamodeld */; };
		3803C58918D2FFC3007D6A32 /* XCTest.framework in Frameworks */ = {isa = PBXBuildFile; fileRef = 3803C58818D2FFC3007D6A32 /* XCTest.framework */; };
		3803C58A18D2FFC3007D6A32 /* Foundation.framework in Frameworks */ = {isa = PBXBuildFile; fileRef = 3803C56A18D2FFC2007D6A32 /* Foundation.framework */; };
		3803C58B18D2FFC3007D6A32 /* UIKit.framework in Frameworks */ = {isa = PBXBuildFile; fileRef = 3803C56E18D2FFC2007D6A32 /* UIKit.framework */; };
		3803C58C18D2FFC3007D6A32 /* CoreData.framework in Frameworks */ = {isa = PBXBuildFile; fileRef = 3803C57018D2FFC2007D6A32 /* CoreData.framework */; };
		3803C59418D2FFC3007D6A32 /* InfoPlist.strings in Resources */ = {isa = PBXBuildFile; fileRef = 3803C59218D2FFC3007D6A32 /* InfoPlist.strings */; };
		3803C59618D2FFC3007D6A32 /* SemanaSantaAppTests.m in Sources */ = {isa = PBXBuildFile; fileRef = 3803C59518D2FFC3007D6A32 /* SemanaSantaAppTests.m */; };
		3803C5A318D307BA007D6A32 /* SSdiasViewController.m in Sources */ = {isa = PBXBuildFile; fileRef = 3803C5A218D307BA007D6A32 /* SSdiasViewController.m */; };
		3803C5E818D319EC007D6A32 /* cielo.jpg in Resources */ = {isa = PBXBuildFile; fileRef = 3803C5E718D319EC007D6A32 /* cielo.jpg */; };
		3803C5EA18D31AA0007D6A32 /* tiempo.png in Resources */ = {isa = PBXBuildFile; fileRef = 3803C5E918D31AA0007D6A32 /* tiempo.png */; };
		3803C5EC18D31B76007D6A32 /* radio.png in Resources */ = {isa = PBXBuildFile; fileRef = 3803C5EB18D31B76007D6A32 /* radio.png */; };
		3803C5EE18D31CA6007D6A32 /* cecop.png in Resources */ = {isa = PBXBuildFile; fileRef = 3803C5ED18D31CA6007D6A32 /* cecop.png */; };
		3803C5F818D32436007D6A32 /* SSenlacesViewController.m in Sources */ = {isa = PBXBuildFile; fileRef = 3803C5F718D32436007D6A32 /* SSenlacesViewController.m */; };
		3827B6BE18DC7C83009B2C9C /* IniciarBaseDatos.m in Sources */ = {isa = PBXBuildFile; fileRef = 3827B6BD18DC7C83009B2C9C /* IniciarBaseDatos.m */; };
		3830D32518D53D3300CA9770 /* SShermandadesViewController.m in Sources */ = {isa = PBXBuildFile; fileRef = 3830D32418D53D3300CA9770 /* SShermandadesViewController.m */; };
		3830D32818D568C000CA9770 /* SSdatosHermandadViewController.m in Sources */ = {isa = PBXBuildFile; fileRef = 3830D32718D568C000CA9770 /* SSdatosHermandadViewController.m */; };
		383BCF9918D711C80053FCC2 /* SSrecorridoViewController.m in Sources */ = {isa = PBXBuildFile; fileRef = 383BCF9818D711C80053FCC2 /* SSrecorridoViewController.m */; };
		383BCF9D18D715A80053FCC2 /* cachorro.png in Resources */ = {isa = PBXBuildFile; fileRef = 383BCF9C18D715A80053FCC2 /* cachorro.png */; };
		38B24FED18D62AED00BE991F /* SStwitterViewController.m in Sources */ = {isa = PBXBuildFile; fileRef = 38B24FEC18D62AED00BE991F /* SStwitterViewController.m */; };
		38B24FF018D62FC700BE991F /* SSenlacesWebViewController.m in Sources */ = {isa = PBXBuildFile; fileRef = 38B24FEF18D62FC700BE991F /* SSenlacesWebViewController.m */; };
		38F66F7718D86B120070CE9B /* Hermandades.m in Sources */ = {isa = PBXBuildFile; fileRef = 38F66F7618D86B120070CE9B /* Hermandades.m */; };
		38F66F7A18D86B130070CE9B /* Publicidad.m in Sources */ = {isa = PBXBuildFile; fileRef = 38F66F7918D86B130070CE9B /* Publicidad.m */; };
		38F66F7D18D86B130070CE9B /* Recorrido.m in Sources */ = {isa = PBXBuildFile; fileRef = 38F66F7C18D86B130070CE9B /* Recorrido.m */; };
		38F66F8018D86B130070CE9B /* Dias.m in Sources */ = {isa = PBXBuildFile; fileRef = 38F66F7F18D86B130070CE9B /* Dias.m */; };
		D746FD5318D8C0B900EBA6E7 /* Images.xcassets in Resources */ = {isa = PBXBuildFile; fileRef = D746FD5218D8C0B900EBA6E7 /* Images.xcassets */; };
		D746FD5518D8EA5800EBA6E7 /* AVFoundation.framework in Frameworks */ = {isa = PBXBuildFile; fileRef = D746FD5418D8EA5800EBA6E7 /* AVFoundation.framework */; };
		D75E75B218D874210012F71E /* Storyboard.storyboard in Resources */ = {isa = PBXBuildFile; fileRef = D75E75B118D874210012F71E /* Storyboard.storyboard */; };
		D75E75B418D8820C0012F71E /* ViewPublicidad.xib in Resources */ = {isa = PBXBuildFile; fileRef = D75E75B318D8820C0012F71E /* ViewPublicidad.xib */; };
		D7B95E8718DC7E1E00014CBD /* SSWsclassServiceExample.m in Sources */ = {isa = PBXBuildFile; fileRef = D7B95E3118DC7E1D00014CBD /* SSWsclassServiceExample.m */; };
		D7B95E8818DC7E1E00014CBD /* Soap+Prefix.m in Sources */ = {isa = PBXBuildFile; fileRef = D7B95E3418DC7E1D00014CBD /* Soap+Prefix.m */; };
		D7B95E8918DC7E1E00014CBD /* SSArrayOfHermandad.m in Sources */ = {isa = PBXBuildFile; fileRef = D7B95E3618DC7E1D00014CBD /* SSArrayOfHermandad.m */; };
		D7B95E8A18DC7E1E00014CBD /* SSArrayOfHermandadws.m in Sources */ = {isa = PBXBuildFile; fileRef = D7B95E3818DC7E1D00014CBD /* SSArrayOfHermandadws.m */; };
		D7B95E8B18DC7E1E00014CBD /* SSArrayOfPublicidad.m in Sources */ = {isa = PBXBuildFile; fileRef = D7B95E3A18DC7E1D00014CBD /* SSArrayOfPublicidad.m */; };
		D7B95E8C18DC7E1E00014CBD /* SSArrayOfPublicidadws.m in Sources */ = {isa = PBXBuildFile; fileRef = D7B95E3C18DC7E1D00014CBD /* SSArrayOfPublicidadws.m */; };
		D7B95E8D18DC7E1E00014CBD /* SSArrayOfRecorrido.m in Sources */ = {isa = PBXBuildFile; fileRef = D7B95E3E18DC7E1D00014CBD /* SSArrayOfRecorrido.m */; };
		D7B95E8E18DC7E1E00014CBD /* SSArrayOfRecorridows.m in Sources */ = {isa = PBXBuildFile; fileRef = D7B95E4018DC7E1D00014CBD /* SSArrayOfRecorridows.m */; };
		D7B95E8F18DC7E1E00014CBD /* SSHermandadWS.m in Sources */ = {isa = PBXBuildFile; fileRef = D7B95E4218DC7E1D00014CBD /* SSHermandadWS.m */; };
		D7B95E9018DC7E1E00014CBD /* SSPatrocinadorWS.m in Sources */ = {isa = PBXBuildFile; fileRef = D7B95E4418DC7E1D00014CBD /* SSPatrocinadorWS.m */; };
		D7B95E9118DC7E1E00014CBD /* SSPublicidadWS.m in Sources */ = {isa = PBXBuildFile; fileRef = D7B95E4618DC7E1D00014CBD /* SSPublicidadWS.m */; };
		D7B95E9218DC7E1E00014CBD /* SSRecorridoWS.m in Sources */ = {isa = PBXBuildFile; fileRef = D7B95E4818DC7E1D00014CBD /* SSRecorridoWS.m */; };
		D7B95E9318DC7E1E00014CBD /* SSSudzc.m in Sources */ = {isa = PBXBuildFile; fileRef = D7B95E4A18DC7E1D00014CBD /* SSSudzc.m */; };
		D7B95E9418DC7E1E00014CBD /* SSWsclassService.m in Sources */ = {isa = PBXBuildFile; fileRef = D7B95E4C18DC7E1D00014CBD /* SSWsclassService.m */; };
		D7B95E9518DC7E1E00014CBD /* NSData+Base64.m in Sources */ = {isa = PBXBuildFile; fileRef = D7B95E4F18DC7E1D00014CBD /* NSData+Base64.m */; };
		D7B95E9618DC7E1E00014CBD /* NSMutableArray+Soap.m in Sources */ = {isa = PBXBuildFile; fileRef = D7B95E5118DC7E1D00014CBD /* NSMutableArray+Soap.m */; };
		D7B95E9718DC7E1E00014CBD /* Soap.m in Sources */ = {isa = PBXBuildFile; fileRef = D7B95E5318DC7E1D00014CBD /* Soap.m */; };
		D7B95E9818DC7E1E00014CBD /* SoapArray.m in Sources */ = {isa = PBXBuildFile; fileRef = D7B95E5518DC7E1D00014CBD /* SoapArray.m */; };
		D7B95E9918DC7E1E00014CBD /* SoapDictionary.m in Sources */ = {isa = PBXBuildFile; fileRef = D7B95E5818DC7E1D00014CBD /* SoapDictionary.m */; };
		D7B95E9A18DC7E1E00014CBD /* SoapFault.m in Sources */ = {isa = PBXBuildFile; fileRef = D7B95E5A18DC7E1D00014CBD /* SoapFault.m */; };
		D7B95E9B18DC7E1E00014CBD /* SoapHandler.m in Sources */ = {isa = PBXBuildFile; fileRef = D7B95E5C18DC7E1D00014CBD /* SoapHandler.m */; };
		D7B95E9C18DC7E1E00014CBD /* SoapLiteral.m in Sources */ = {isa = PBXBuildFile; fileRef = D7B95E5E18DC7E1D00014CBD /* SoapLiteral.m */; };
		D7B95E9D18DC7E1E00014CBD /* SoapNil.m in Sources */ = {isa = PBXBuildFile; fileRef = D7B95E6018DC7E1D00014CBD /* SoapNil.m */; };
		D7B95E9E18DC7E1E00014CBD /* SoapObject.m in Sources */ = {isa = PBXBuildFile; fileRef = D7B95E6218DC7E1D00014CBD /* SoapObject.m */; };
		D7B95E9F18DC7E1E00014CBD /* SoapParameter.m in Sources */ = {isa = PBXBuildFile; fileRef = D7B95E6418DC7E1D00014CBD /* SoapParameter.m */; };
		D7B95EA018DC7E1E00014CBD /* SoapReachability.m in Sources */ = {isa = PBXBuildFile; fileRef = D7B95E6618DC7E1D00014CBD /* SoapReachability.m */; };
		D7B95EA118DC7E1E00014CBD /* SoapRequest.m in Sources */ = {isa = PBXBuildFile; fileRef = D7B95E6818DC7E1D00014CBD /* SoapRequest.m */; };
		D7B95EA218DC7E1E00014CBD /* SoapService.m in Sources */ = {isa = PBXBuildFile; fileRef = D7B95E6A18DC7E1D00014CBD /* SoapService.m */; };
		D7B95EA318DC7E1E00014CBD /* CTidy.m in Sources */ = {isa = PBXBuildFile; fileRef = D7B95E6D18DC7E1D00014CBD /* CTidy.m */; };
		D7B95EA418DC7E1E00014CBD /* CXHTMLDocument.m in Sources */ = {isa = PBXBuildFile; fileRef = D7B95E6F18DC7E1D00014CBD /* CXHTMLDocument.m */; };
		D7B95EA518DC7E1E00014CBD /* CXMLDocument.m in Sources */ = {isa = PBXBuildFile; fileRef = D7B95E7118DC7E1E00014CBD /* CXMLDocument.m */; };
		D7B95EA618DC7E1E00014CBD /* CXMLDocument_CreationExtensions.m in Sources */ = {isa = PBXBuildFile; fileRef = D7B95E7318DC7E1E00014CBD /* CXMLDocument_CreationExtensions.m */; };
		D7B95EA718DC7E1E00014CBD /* CXMLDocument_PrivateExtensions.m in Sources */ = {isa = PBXBuildFile; fileRef = D7B95E7518DC7E1E00014CBD /* CXMLDocument_PrivateExtensions.m */; };
		D7B95EA818DC7E1E00014CBD /* CXMLElement.m in Sources */ = {isa = PBXBuildFile; fileRef = D7B95E7718DC7E1E00014CBD /* CXMLElement.m */; };
		D7B95EA918DC7E1E00014CBD /* CXMLElement_CreationExtensions.m in Sources */ = {isa = PBXBuildFile; fileRef = D7B95E7918DC7E1E00014CBD /* CXMLElement_CreationExtensions.m */; };
		D7B95EAA18DC7E1E00014CBD /* CXMLElement_ElementTreeExtensions.m in Sources */ = {isa = PBXBuildFile; fileRef = D7B95E7B18DC7E1E00014CBD /* CXMLElement_ElementTreeExtensions.m */; };
		D7B95EAB18DC7E1E00014CBD /* CXMLNamespaceNode.m in Sources */ = {isa = PBXBuildFile; fileRef = D7B95E7D18DC7E1E00014CBD /* CXMLNamespaceNode.m */; };
		D7B95EAC18DC7E1E00014CBD /* CXMLNode.m in Sources */ = {isa = PBXBuildFile; fileRef = D7B95E7F18DC7E1E00014CBD /* CXMLNode.m */; };
		D7B95EAD18DC7E1E00014CBD /* CXMLNode_CreationExtensions.m in Sources */ = {isa = PBXBuildFile; fileRef = D7B95E8118DC7E1E00014CBD /* CXMLNode_CreationExtensions.m */; };
		D7B95EAE18DC7E1E00014CBD /* CXMLNode_PrivateExtensions.m in Sources */ = {isa = PBXBuildFile; fileRef = D7B95E8318DC7E1E00014CBD /* CXMLNode_PrivateExtensions.m */; };
		D7B95EAF18DC7E1E00014CBD /* CXMLNode_XPathExtensions.m in Sources */ = {isa = PBXBuildFile; fileRef = D7B95E8518DC7E1E00014CBD /* CXMLNode_XPathExtensions.m */; };
/* End PBXBuildFile section */

/* Begin PBXContainerItemProxy section */
		3803C58D18D2FFC3007D6A32 /* PBXContainerItemProxy */ = {
			isa = PBXContainerItemProxy;
			containerPortal = 3803C55F18D2FFC2007D6A32 /* Project object */;
			proxyType = 1;
			remoteGlobalIDString = 3803C56618D2FFC2007D6A32;
			remoteInfo = SemanaSantaApp;
		};
/* End PBXContainerItemProxy section */

/* Begin PBXFileReference section */
		3803C56718D2FFC2007D6A32 /* SemanaSantaApp.app */ = {isa = PBXFileReference; explicitFileType = wrapper.application; includeInIndex = 0; path = SemanaSantaApp.app; sourceTree = BUILT_PRODUCTS_DIR; };
		3803C56A18D2FFC2007D6A32 /* Foundation.framework */ = {isa = PBXFileReference; lastKnownFileType = wrapper.framework; name = Foundation.framework; path = System/Library/Frameworks/Foundation.framework; sourceTree = SDKROOT; };
		3803C56C18D2FFC2007D6A32 /* CoreGraphics.framework */ = {isa = PBXFileReference; lastKnownFileType = wrapper.framework; name = CoreGraphics.framework; path = System/Library/Frameworks/CoreGraphics.framework; sourceTree = SDKROOT; };
		3803C56E18D2FFC2007D6A32 /* UIKit.framework */ = {isa = PBXFileReference; lastKnownFileType = wrapper.framework; name = UIKit.framework; path = System/Library/Frameworks/UIKit.framework; sourceTree = SDKROOT; };
		3803C57018D2FFC2007D6A32 /* CoreData.framework */ = {isa = PBXFileReference; lastKnownFileType = wrapper.framework; name = CoreData.framework; path = System/Library/Frameworks/CoreData.framework; sourceTree = SDKROOT; };
		3803C57418D2FFC2007D6A32 /* SemanaSantaApp-Info.plist */ = {isa = PBXFileReference; lastKnownFileType = text.plist.xml; path = "SemanaSantaApp-Info.plist"; sourceTree = "<group>"; };
		3803C57618D2FFC2007D6A32 /* en */ = {isa = PBXFileReference; lastKnownFileType = text.plist.strings; name = en; path = en.lproj/InfoPlist.strings; sourceTree = "<group>"; };
		3803C57818D2FFC2007D6A32 /* main.m */ = {isa = PBXFileReference; lastKnownFileType = sourcecode.c.objc; path = main.m; sourceTree = "<group>"; };
		3803C57A18D2FFC2007D6A32 /* SemanaSantaApp-Prefix.pch */ = {isa = PBXFileReference; lastKnownFileType = sourcecode.c.h; path = "SemanaSantaApp-Prefix.pch"; sourceTree = "<group>"; };
		3803C57B18D2FFC2007D6A32 /* SSAppDelegate.h */ = {isa = PBXFileReference; lastKnownFileType = sourcecode.c.h; path = SSAppDelegate.h; sourceTree = "<group>"; };
		3803C57C18D2FFC2007D6A32 /* SSAppDelegate.m */ = {isa = PBXFileReference; lastKnownFileType = sourcecode.c.objc; path = SSAppDelegate.m; sourceTree = "<group>"; };
		3803C57F18D2FFC2007D6A32 /* SemanaSantaApp.xcdatamodel */ = {isa = PBXFileReference; lastKnownFileType = wrapper.xcdatamodel; path = SemanaSantaApp.xcdatamodel; sourceTree = "<group>"; };
		3803C58718D2FFC3007D6A32 /* SemanaSantaAppTests.xctest */ = {isa = PBXFileReference; explicitFileType = wrapper.cfbundle; includeInIndex = 0; path = SemanaSantaAppTests.xctest; sourceTree = BUILT_PRODUCTS_DIR; };
		3803C58818D2FFC3007D6A32 /* XCTest.framework */ = {isa = PBXFileReference; lastKnownFileType = wrapper.framework; name = XCTest.framework; path = Library/Frameworks/XCTest.framework; sourceTree = DEVELOPER_DIR; };
		3803C59118D2FFC3007D6A32 /* SemanaSantaAppTests-Info.plist */ = {isa = PBXFileReference; lastKnownFileType = text.plist.xml; path = "SemanaSantaAppTests-Info.plist"; sourceTree = "<group>"; };
		3803C59318D2FFC3007D6A32 /* en */ = {isa = PBXFileReference; lastKnownFileType = text.plist.strings; name = en; path = en.lproj/InfoPlist.strings; sourceTree = "<group>"; };
		3803C59518D2FFC3007D6A32 /* SemanaSantaAppTests.m */ = {isa = PBXFileReference; lastKnownFileType = sourcecode.c.objc; path = SemanaSantaAppTests.m; sourceTree = "<group>"; };
		3803C5A118D307BA007D6A32 /* SSdiasViewController.h */ = {isa = PBXFileReference; fileEncoding = 4; lastKnownFileType = sourcecode.c.h; path = SSdiasViewController.h; sourceTree = "<group>"; };
		3803C5A218D307BA007D6A32 /* SSdiasViewController.m */ = {isa = PBXFileReference; fileEncoding = 4; lastKnownFileType = sourcecode.c.objc; path = SSdiasViewController.m; sourceTree = "<group>"; };
		3803C5E718D319EC007D6A32 /* cielo.jpg */ = {isa = PBXFileReference; lastKnownFileType = image.jpeg; path = cielo.jpg; sourceTree = "<group>"; };
		3803C5E918D31AA0007D6A32 /* tiempo.png */ = {isa = PBXFileReference; lastKnownFileType = image.png; path = tiempo.png; sourceTree = "<group>"; };
		3803C5EB18D31B76007D6A32 /* radio.png */ = {isa = PBXFileReference; lastKnownFileType = image.png; path = radio.png; sourceTree = "<group>"; };
		3803C5ED18D31CA6007D6A32 /* cecop.png */ = {isa = PBXFileReference; lastKnownFileType = image.png; path = cecop.png; sourceTree = "<group>"; };
		3803C5F618D32436007D6A32 /* SSenlacesViewController.h */ = {isa = PBXFileReference; fileEncoding = 4; lastKnownFileType = sourcecode.c.h; path = SSenlacesViewController.h; sourceTree = "<group>"; };
		3803C5F718D32436007D6A32 /* SSenlacesViewController.m */ = {isa = PBXFileReference; fileEncoding = 4; lastKnownFileType = sourcecode.c.objc; path = SSenlacesViewController.m; sourceTree = "<group>"; };
		3827B6BC18DC7C83009B2C9C /* IniciarBaseDatos.h */ = {isa = PBXFileReference; fileEncoding = 4; lastKnownFileType = sourcecode.c.h; path = IniciarBaseDatos.h; sourceTree = "<group>"; };
		3827B6BD18DC7C83009B2C9C /* IniciarBaseDatos.m */ = {isa = PBXFileReference; fileEncoding = 4; lastKnownFileType = sourcecode.c.objc; path = IniciarBaseDatos.m; sourceTree = "<group>"; };
		3830D32318D53D3300CA9770 /* SShermandadesViewController.h */ = {isa = PBXFileReference; fileEncoding = 4; lastKnownFileType = sourcecode.c.h; path = SShermandadesViewController.h; sourceTree = "<group>"; };
		3830D32418D53D3300CA9770 /* SShermandadesViewController.m */ = {isa = PBXFileReference; fileEncoding = 4; lastKnownFileType = sourcecode.c.objc; path = SShermandadesViewController.m; sourceTree = "<group>"; };
		3830D32618D568C000CA9770 /* SSdatosHermandadViewController.h */ = {isa = PBXFileReference; fileEncoding = 4; lastKnownFileType = sourcecode.c.h; path = SSdatosHermandadViewController.h; sourceTree = "<group>"; };
		3830D32718D568C000CA9770 /* SSdatosHermandadViewController.m */ = {isa = PBXFileReference; fileEncoding = 4; lastKnownFileType = sourcecode.c.objc; path = SSdatosHermandadViewController.m; sourceTree = "<group>"; };
		383BCF9718D711C80053FCC2 /* SSrecorridoViewController.h */ = {isa = PBXFileReference; fileEncoding = 4; lastKnownFileType = sourcecode.c.h; path = SSrecorridoViewController.h; sourceTree = "<group>"; };
		383BCF9818D711C80053FCC2 /* SSrecorridoViewController.m */ = {isa = PBXFileReference; fileEncoding = 4; lastKnownFileType = sourcecode.c.objc; path = SSrecorridoViewController.m; sourceTree = "<group>"; };
		383BCF9C18D715A80053FCC2 /* cachorro.png */ = {isa = PBXFileReference; lastKnownFileType = image.png; path = cachorro.png; sourceTree = "<group>"; };
		38B24FEB18D62AED00BE991F /* SStwitterViewController.h */ = {isa = PBXFileReference; fileEncoding = 4; lastKnownFileType = sourcecode.c.h; path = SStwitterViewController.h; sourceTree = "<group>"; };
		38B24FEC18D62AED00BE991F /* SStwitterViewController.m */ = {isa = PBXFileReference; fileEncoding = 4; lastKnownFileType = sourcecode.c.objc; path = SStwitterViewController.m; sourceTree = "<group>"; };
		38B24FEE18D62FC700BE991F /* SSenlacesWebViewController.h */ = {isa = PBXFileReference; fileEncoding = 4; lastKnownFileType = sourcecode.c.h; name = SSenlacesWebViewController.h; path = ../SSenlacesWebViewController.h; sourceTree = "<group>"; };
		38B24FEF18D62FC700BE991F /* SSenlacesWebViewController.m */ = {isa = PBXFileReference; fileEncoding = 4; lastKnownFileType = sourcecode.c.objc; name = SSenlacesWebViewController.m; path = ../SSenlacesWebViewController.m; sourceTree = "<group>"; };
		38F66F7518D86B120070CE9B /* Hermandades.h */ = {isa = PBXFileReference; fileEncoding = 4; lastKnownFileType = sourcecode.c.h; path = Hermandades.h; sourceTree = "<group>"; };
		38F66F7618D86B120070CE9B /* Hermandades.m */ = {isa = PBXFileReference; fileEncoding = 4; lastKnownFileType = sourcecode.c.objc; path = Hermandades.m; sourceTree = "<group>"; };
		38F66F7818D86B130070CE9B /* Publicidad.h */ = {isa = PBXFileReference; fileEncoding = 4; lastKnownFileType = sourcecode.c.h; path = Publicidad.h; sourceTree = "<group>"; };
		38F66F7918D86B130070CE9B /* Publicidad.m */ = {isa = PBXFileReference; fileEncoding = 4; lastKnownFileType = sourcecode.c.objc; path = Publicidad.m; sourceTree = "<group>"; };
		38F66F7B18D86B130070CE9B /* Recorrido.h */ = {isa = PBXFileReference; fileEncoding = 4; lastKnownFileType = sourcecode.c.h; path = Recorrido.h; sourceTree = "<group>"; };
		38F66F7C18D86B130070CE9B /* Recorrido.m */ = {isa = PBXFileReference; fileEncoding = 4; lastKnownFileType = sourcecode.c.objc; path = Recorrido.m; sourceTree = "<group>"; };
		38F66F7E18D86B130070CE9B /* Dias.h */ = {isa = PBXFileReference; fileEncoding = 4; lastKnownFileType = sourcecode.c.h; path = Dias.h; sourceTree = "<group>"; };
		38F66F7F18D86B130070CE9B /* Dias.m */ = {isa = PBXFileReference; fileEncoding = 4; lastKnownFileType = sourcecode.c.objc; path = Dias.m; sourceTree = "<group>"; };
		D746FD5218D8C0B900EBA6E7 /* Images.xcassets */ = {isa = PBXFileReference; lastKnownFileType = folder.assetcatalog; path = Images.xcassets; sourceTree = "<group>"; };
		D746FD5418D8EA5800EBA6E7 /* AVFoundation.framework */ = {isa = PBXFileReference; lastKnownFileType = wrapper.framework; name = AVFoundation.framework; path = System/Library/Frameworks/AVFoundation.framework; sourceTree = SDKROOT; };
		D75E75B118D874210012F71E /* Storyboard.storyboard */ = {isa = PBXFileReference; fileEncoding = 4; lastKnownFileType = file.storyboard; path = Storyboard.storyboard; sourceTree = "<group>"; };
		D75E75B318D8820C0012F71E /* ViewPublicidad.xib */ = {isa = PBXFileReference; fileEncoding = 4; lastKnownFileType = file.xib; path = ViewPublicidad.xib; sourceTree = "<group>"; };
		D7B95E3018DC7E1D00014CBD /* SSWsclassServiceExample.h */ = {isa = PBXFileReference; fileEncoding = 4; lastKnownFileType = sourcecode.c.h; path = SSWsclassServiceExample.h; sourceTree = "<group>"; };
		D7B95E3118DC7E1D00014CBD /* SSWsclassServiceExample.m */ = {isa = PBXFileReference; fileEncoding = 4; lastKnownFileType = sourcecode.c.objc; path = SSWsclassServiceExample.m; sourceTree = "<group>"; };
		D7B95E3318DC7E1D00014CBD /* Soap+Prefix.h */ = {isa = PBXFileReference; fileEncoding = 4; lastKnownFileType = sourcecode.c.h; path = "Soap+Prefix.h"; sourceTree = "<group>"; };
		D7B95E3418DC7E1D00014CBD /* Soap+Prefix.m */ = {isa = PBXFileReference; fileEncoding = 4; lastKnownFileType = sourcecode.c.objc; path = "Soap+Prefix.m"; sourceTree = "<group>"; };
		D7B95E3518DC7E1D00014CBD /* SSArrayOfHermandad.h */ = {isa = PBXFileReference; fileEncoding = 4; lastKnownFileType = sourcecode.c.h; path = SSArrayOfHermandad.h; sourceTree = "<group>"; };
		D7B95E3618DC7E1D00014CBD /* SSArrayOfHermandad.m */ = {isa = PBXFileReference; fileEncoding = 4; lastKnownFileType = sourcecode.c.objc; path = SSArrayOfHermandad.m; sourceTree = "<group>"; };
		D7B95E3718DC7E1D00014CBD /* SSArrayOfHermandadws.h */ = {isa = PBXFileReference; fileEncoding = 4; lastKnownFileType = sourcecode.c.h; path = SSArrayOfHermandadws.h; sourceTree = "<group>"; };
		D7B95E3818DC7E1D00014CBD /* SSArrayOfHermandadws.m */ = {isa = PBXFileReference; fileEncoding = 4; lastKnownFileType = sourcecode.c.objc; path = SSArrayOfHermandadws.m; sourceTree = "<group>"; };
		D7B95E3918DC7E1D00014CBD /* SSArrayOfPublicidad.h */ = {isa = PBXFileReference; fileEncoding = 4; lastKnownFileType = sourcecode.c.h; path = SSArrayOfPublicidad.h; sourceTree = "<group>"; };
		D7B95E3A18DC7E1D00014CBD /* SSArrayOfPublicidad.m */ = {isa = PBXFileReference; fileEncoding = 4; lastKnownFileType = sourcecode.c.objc; path = SSArrayOfPublicidad.m; sourceTree = "<group>"; };
		D7B95E3B18DC7E1D00014CBD /* SSArrayOfPublicidadws.h */ = {isa = PBXFileReference; fileEncoding = 4; lastKnownFileType = sourcecode.c.h; path = SSArrayOfPublicidadws.h; sourceTree = "<group>"; };
		D7B95E3C18DC7E1D00014CBD /* SSArrayOfPublicidadws.m */ = {isa = PBXFileReference; fileEncoding = 4; lastKnownFileType = sourcecode.c.objc; path = SSArrayOfPublicidadws.m; sourceTree = "<group>"; };
		D7B95E3D18DC7E1D00014CBD /* SSArrayOfRecorrido.h */ = {isa = PBXFileReference; fileEncoding = 4; lastKnownFileType = sourcecode.c.h; path = SSArrayOfRecorrido.h; sourceTree = "<group>"; };
		D7B95E3E18DC7E1D00014CBD /* SSArrayOfRecorrido.m */ = {isa = PBXFileReference; fileEncoding = 4; lastKnownFileType = sourcecode.c.objc; path = SSArrayOfRecorrido.m; sourceTree = "<group>"; };
		D7B95E3F18DC7E1D00014CBD /* SSArrayOfRecorridows.h */ = {isa = PBXFileReference; fileEncoding = 4; lastKnownFileType = sourcecode.c.h; path = SSArrayOfRecorridows.h; sourceTree = "<group>"; };
		D7B95E4018DC7E1D00014CBD /* SSArrayOfRecorridows.m */ = {isa = PBXFileReference; fileEncoding = 4; lastKnownFileType = sourcecode.c.objc; path = SSArrayOfRecorridows.m; sourceTree = "<group>"; };
		D7B95E4118DC7E1D00014CBD /* SSHermandadWS.h */ = {isa = PBXFileReference; fileEncoding = 4; lastKnownFileType = sourcecode.c.h; path = SSHermandadWS.h; sourceTree = "<group>"; };
		D7B95E4218DC7E1D00014CBD /* SSHermandadWS.m */ = {isa = PBXFileReference; fileEncoding = 4; lastKnownFileType = sourcecode.c.objc; path = SSHermandadWS.m; sourceTree = "<group>"; };
		D7B95E4318DC7E1D00014CBD /* SSPatrocinadorWS.h */ = {isa = PBXFileReference; fileEncoding = 4; lastKnownFileType = sourcecode.c.h; path = SSPatrocinadorWS.h; sourceTree = "<group>"; };
		D7B95E4418DC7E1D00014CBD /* SSPatrocinadorWS.m */ = {isa = PBXFileReference; fileEncoding = 4; lastKnownFileType = sourcecode.c.objc; path = SSPatrocinadorWS.m; sourceTree = "<group>"; };
		D7B95E4518DC7E1D00014CBD /* SSPublicidadWS.h */ = {isa = PBXFileReference; fileEncoding = 4; lastKnownFileType = sourcecode.c.h; path = SSPublicidadWS.h; sourceTree = "<group>"; };
		D7B95E4618DC7E1D00014CBD /* SSPublicidadWS.m */ = {isa = PBXFileReference; fileEncoding = 4; lastKnownFileType = sourcecode.c.objc; path = SSPublicidadWS.m; sourceTree = "<group>"; };
		D7B95E4718DC7E1D00014CBD /* SSRecorridoWS.h */ = {isa = PBXFileReference; fileEncoding = 4; lastKnownFileType = sourcecode.c.h; path = SSRecorridoWS.h; sourceTree = "<group>"; };
		D7B95E4818DC7E1D00014CBD /* SSRecorridoWS.m */ = {isa = PBXFileReference; fileEncoding = 4; lastKnownFileType = sourcecode.c.objc; path = SSRecorridoWS.m; sourceTree = "<group>"; };
		D7B95E4918DC7E1D00014CBD /* SSSudzc.h */ = {isa = PBXFileReference; fileEncoding = 4; lastKnownFileType = sourcecode.c.h; path = SSSudzc.h; sourceTree = "<group>"; };
		D7B95E4A18DC7E1D00014CBD /* SSSudzc.m */ = {isa = PBXFileReference; fileEncoding = 4; lastKnownFileType = sourcecode.c.objc; path = SSSudzc.m; sourceTree = "<group>"; };
		D7B95E4B18DC7E1D00014CBD /* SSWsclassService.h */ = {isa = PBXFileReference; fileEncoding = 4; lastKnownFileType = sourcecode.c.h; path = SSWsclassService.h; sourceTree = "<group>"; };
		D7B95E4C18DC7E1D00014CBD /* SSWsclassService.m */ = {isa = PBXFileReference; fileEncoding = 4; lastKnownFileType = sourcecode.c.objc; path = SSWsclassService.m; sourceTree = "<group>"; };
		D7B95E4E18DC7E1D00014CBD /* NSData+Base64.h */ = {isa = PBXFileReference; fileEncoding = 4; lastKnownFileType = sourcecode.c.h; path = "NSData+Base64.h"; sourceTree = "<group>"; };
		D7B95E4F18DC7E1D00014CBD /* NSData+Base64.m */ = {isa = PBXFileReference; fileEncoding = 4; lastKnownFileType = sourcecode.c.objc; path = "NSData+Base64.m"; sourceTree = "<group>"; };
		D7B95E5018DC7E1D00014CBD /* NSMutableArray+Soap.h */ = {isa = PBXFileReference; fileEncoding = 4; lastKnownFileType = sourcecode.c.h; path = "NSMutableArray+Soap.h"; sourceTree = "<group>"; };
		D7B95E5118DC7E1D00014CBD /* NSMutableArray+Soap.m */ = {isa = PBXFileReference; fileEncoding = 4; lastKnownFileType = sourcecode.c.objc; path = "NSMutableArray+Soap.m"; sourceTree = "<group>"; };
		D7B95E5218DC7E1D00014CBD /* Soap.h */ = {isa = PBXFileReference; fileEncoding = 4; lastKnownFileType = sourcecode.c.h; path = Soap.h; sourceTree = "<group>"; };
		D7B95E5318DC7E1D00014CBD /* Soap.m */ = {isa = PBXFileReference; fileEncoding = 4; lastKnownFileType = sourcecode.c.objc; path = Soap.m; sourceTree = "<group>"; };
		D7B95E5418DC7E1D00014CBD /* SoapArray.h */ = {isa = PBXFileReference; fileEncoding = 4; lastKnownFileType = sourcecode.c.h; path = SoapArray.h; sourceTree = "<group>"; };
		D7B95E5518DC7E1D00014CBD /* SoapArray.m */ = {isa = PBXFileReference; fileEncoding = 4; lastKnownFileType = sourcecode.c.objc; path = SoapArray.m; sourceTree = "<group>"; };
		D7B95E5618DC7E1D00014CBD /* SoapDelegate.h */ = {isa = PBXFileReference; fileEncoding = 4; lastKnownFileType = sourcecode.c.h; path = SoapDelegate.h; sourceTree = "<group>"; };
		D7B95E5718DC7E1D00014CBD /* SoapDictionary.h */ = {isa = PBXFileReference; fileEncoding = 4; lastKnownFileType = sourcecode.c.h; path = SoapDictionary.h; sourceTree = "<group>"; };
		D7B95E5818DC7E1D00014CBD /* SoapDictionary.m */ = {isa = PBXFileReference; fileEncoding = 4; lastKnownFileType = sourcecode.c.objc; path = SoapDictionary.m; sourceTree = "<group>"; };
		D7B95E5918DC7E1D00014CBD /* SoapFault.h */ = {isa = PBXFileReference; fileEncoding = 4; lastKnownFileType = sourcecode.c.h; path = SoapFault.h; sourceTree = "<group>"; };
		D7B95E5A18DC7E1D00014CBD /* SoapFault.m */ = {isa = PBXFileReference; fileEncoding = 4; lastKnownFileType = sourcecode.c.objc; path = SoapFault.m; sourceTree = "<group>"; };
		D7B95E5B18DC7E1D00014CBD /* SoapHandler.h */ = {isa = PBXFileReference; fileEncoding = 4; lastKnownFileType = sourcecode.c.h; path = SoapHandler.h; sourceTree = "<group>"; };
		D7B95E5C18DC7E1D00014CBD /* SoapHandler.m */ = {isa = PBXFileReference; fileEncoding = 4; lastKnownFileType = sourcecode.c.objc; path = SoapHandler.m; sourceTree = "<group>"; };
		D7B95E5D18DC7E1D00014CBD /* SoapLiteral.h */ = {isa = PBXFileReference; fileEncoding = 4; lastKnownFileType = sourcecode.c.h; path = SoapLiteral.h; sourceTree = "<group>"; };
		D7B95E5E18DC7E1D00014CBD /* SoapLiteral.m */ = {isa = PBXFileReference; fileEncoding = 4; lastKnownFileType = sourcecode.c.objc; path = SoapLiteral.m; sourceTree = "<group>"; };
		D7B95E5F18DC7E1D00014CBD /* SoapNil.h */ = {isa = PBXFileReference; fileEncoding = 4; lastKnownFileType = sourcecode.c.h; path = SoapNil.h; sourceTree = "<group>"; };
		D7B95E6018DC7E1D00014CBD /* SoapNil.m */ = {isa = PBXFileReference; fileEncoding = 4; lastKnownFileType = sourcecode.c.objc; path = SoapNil.m; sourceTree = "<group>"; };
		D7B95E6118DC7E1D00014CBD /* SoapObject.h */ = {isa = PBXFileReference; fileEncoding = 4; lastKnownFileType = sourcecode.c.h; path = SoapObject.h; sourceTree = "<group>"; };
		D7B95E6218DC7E1D00014CBD /* SoapObject.m */ = {isa = PBXFileReference; fileEncoding = 4; lastKnownFileType = sourcecode.c.objc; path = SoapObject.m; sourceTree = "<group>"; };
		D7B95E6318DC7E1D00014CBD /* SoapParameter.h */ = {isa = PBXFileReference; fileEncoding = 4; lastKnownFileType = sourcecode.c.h; path = SoapParameter.h; sourceTree = "<group>"; };
		D7B95E6418DC7E1D00014CBD /* SoapParameter.m */ = {isa = PBXFileReference; fileEncoding = 4; lastKnownFileType = sourcecode.c.objc; path = SoapParameter.m; sourceTree = "<group>"; };
		D7B95E6518DC7E1D00014CBD /* SoapReachability.h */ = {isa = PBXFileReference; fileEncoding = 4; lastKnownFileType = sourcecode.c.h; path = SoapReachability.h; sourceTree = "<group>"; };
		D7B95E6618DC7E1D00014CBD /* SoapReachability.m */ = {isa = PBXFileReference; fileEncoding = 4; lastKnownFileType = sourcecode.c.objc; path = SoapReachability.m; sourceTree = "<group>"; };
		D7B95E6718DC7E1D00014CBD /* SoapRequest.h */ = {isa = PBXFileReference; fileEncoding = 4; lastKnownFileType = sourcecode.c.h; path = SoapRequest.h; sourceTree = "<group>"; };
		D7B95E6818DC7E1D00014CBD /* SoapRequest.m */ = {isa = PBXFileReference; fileEncoding = 4; lastKnownFileType = sourcecode.c.objc; path = SoapRequest.m; sourceTree = "<group>"; };
		D7B95E6918DC7E1D00014CBD /* SoapService.h */ = {isa = PBXFileReference; fileEncoding = 4; lastKnownFileType = sourcecode.c.h; path = SoapService.h; sourceTree = "<group>"; };
		D7B95E6A18DC7E1D00014CBD /* SoapService.m */ = {isa = PBXFileReference; fileEncoding = 4; lastKnownFileType = sourcecode.c.objc; path = SoapService.m; sourceTree = "<group>"; };
		D7B95E6C18DC7E1D00014CBD /* CTidy.h */ = {isa = PBXFileReference; fileEncoding = 4; lastKnownFileType = sourcecode.c.h; path = CTidy.h; sourceTree = "<group>"; };
		D7B95E6D18DC7E1D00014CBD /* CTidy.m */ = {isa = PBXFileReference; fileEncoding = 4; lastKnownFileType = sourcecode.c.objc; path = CTidy.m; sourceTree = "<group>"; };
		D7B95E6E18DC7E1D00014CBD /* CXHTMLDocument.h */ = {isa = PBXFileReference; fileEncoding = 4; lastKnownFileType = sourcecode.c.h; path = CXHTMLDocument.h; sourceTree = "<group>"; };
		D7B95E6F18DC7E1D00014CBD /* CXHTMLDocument.m */ = {isa = PBXFileReference; fileEncoding = 4; lastKnownFileType = sourcecode.c.objc; path = CXHTMLDocument.m; sourceTree = "<group>"; };
		D7B95E7018DC7E1D00014CBD /* CXMLDocument.h */ = {isa = PBXFileReference; fileEncoding = 4; lastKnownFileType = sourcecode.c.h; path = CXMLDocument.h; sourceTree = "<group>"; };
		D7B95E7118DC7E1E00014CBD /* CXMLDocument.m */ = {isa = PBXFileReference; fileEncoding = 4; lastKnownFileType = sourcecode.c.objc; path = CXMLDocument.m; sourceTree = "<group>"; };
		D7B95E7218DC7E1E00014CBD /* CXMLDocument_CreationExtensions.h */ = {isa = PBXFileReference; fileEncoding = 4; lastKnownFileType = sourcecode.c.h; path = CXMLDocument_CreationExtensions.h; sourceTree = "<group>"; };
		D7B95E7318DC7E1E00014CBD /* CXMLDocument_CreationExtensions.m */ = {isa = PBXFileReference; fileEncoding = 4; lastKnownFileType = sourcecode.c.objc; path = CXMLDocument_CreationExtensions.m; sourceTree = "<group>"; };
		D7B95E7418DC7E1E00014CBD /* CXMLDocument_PrivateExtensions.h */ = {isa = PBXFileReference; fileEncoding = 4; lastKnownFileType = sourcecode.c.h; path = CXMLDocument_PrivateExtensions.h; sourceTree = "<group>"; };
		D7B95E7518DC7E1E00014CBD /* CXMLDocument_PrivateExtensions.m */ = {isa = PBXFileReference; fileEncoding = 4; lastKnownFileType = sourcecode.c.objc; path = CXMLDocument_PrivateExtensions.m; sourceTree = "<group>"; };
		D7B95E7618DC7E1E00014CBD /* CXMLElement.h */ = {isa = PBXFileReference; fileEncoding = 4; lastKnownFileType = sourcecode.c.h; path = CXMLElement.h; sourceTree = "<group>"; };
		D7B95E7718DC7E1E00014CBD /* CXMLElement.m */ = {isa = PBXFileReference; fileEncoding = 4; lastKnownFileType = sourcecode.c.objc; path = CXMLElement.m; sourceTree = "<group>"; };
		D7B95E7818DC7E1E00014CBD /* CXMLElement_CreationExtensions.h */ = {isa = PBXFileReference; fileEncoding = 4; lastKnownFileType = sourcecode.c.h; path = CXMLElement_CreationExtensions.h; sourceTree = "<group>"; };
		D7B95E7918DC7E1E00014CBD /* CXMLElement_CreationExtensions.m */ = {isa = PBXFileReference; fileEncoding = 4; lastKnownFileType = sourcecode.c.objc; path = CXMLElement_CreationExtensions.m; sourceTree = "<group>"; };
		D7B95E7A18DC7E1E00014CBD /* CXMLElement_ElementTreeExtensions.h */ = {isa = PBXFileReference; fileEncoding = 4; lastKnownFileType = sourcecode.c.h; path = CXMLElement_ElementTreeExtensions.h; sourceTree = "<group>"; };
		D7B95E7B18DC7E1E00014CBD /* CXMLElement_ElementTreeExtensions.m */ = {isa = PBXFileReference; fileEncoding = 4; lastKnownFileType = sourcecode.c.objc; path = CXMLElement_ElementTreeExtensions.m; sourceTree = "<group>"; };
		D7B95E7C18DC7E1E00014CBD /* CXMLNamespaceNode.h */ = {isa = PBXFileReference; fileEncoding = 4; lastKnownFileType = sourcecode.c.h; path = CXMLNamespaceNode.h; sourceTree = "<group>"; };
		D7B95E7D18DC7E1E00014CBD /* CXMLNamespaceNode.m */ = {isa = PBXFileReference; fileEncoding = 4; lastKnownFileType = sourcecode.c.objc; path = CXMLNamespaceNode.m; sourceTree = "<group>"; };
		D7B95E7E18DC7E1E00014CBD /* CXMLNode.h */ = {isa = PBXFileReference; fileEncoding = 4; lastKnownFileType = sourcecode.c.h; path = CXMLNode.h; sourceTree = "<group>"; };
		D7B95E7F18DC7E1E00014CBD /* CXMLNode.m */ = {isa = PBXFileReference; fileEncoding = 4; lastKnownFileType = sourcecode.c.objc; path = CXMLNode.m; sourceTree = "<group>"; };
		D7B95E8018DC7E1E00014CBD /* CXMLNode_CreationExtensions.h */ = {isa = PBXFileReference; fileEncoding = 4; lastKnownFileType = sourcecode.c.h; path = CXMLNode_CreationExtensions.h; sourceTree = "<group>"; };
		D7B95E8118DC7E1E00014CBD /* CXMLNode_CreationExtensions.m */ = {isa = PBXFileReference; fileEncoding = 4; lastKnownFileType = sourcecode.c.objc; path = CXMLNode_CreationExtensions.m; sourceTree = "<group>"; };
		D7B95E8218DC7E1E00014CBD /* CXMLNode_PrivateExtensions.h */ = {isa = PBXFileReference; fileEncoding = 4; lastKnownFileType = sourcecode.c.h; path = CXMLNode_PrivateExtensions.h; sourceTree = "<group>"; };
		D7B95E8318DC7E1E00014CBD /* CXMLNode_PrivateExtensions.m */ = {isa = PBXFileReference; fileEncoding = 4; lastKnownFileType = sourcecode.c.objc; path = CXMLNode_PrivateExtensions.m; sourceTree = "<group>"; };
		D7B95E8418DC7E1E00014CBD /* CXMLNode_XPathExtensions.h */ = {isa = PBXFileReference; fileEncoding = 4; lastKnownFileType = sourcecode.c.h; path = CXMLNode_XPathExtensions.h; sourceTree = "<group>"; };
		D7B95E8518DC7E1E00014CBD /* CXMLNode_XPathExtensions.m */ = {isa = PBXFileReference; fileEncoding = 4; lastKnownFileType = sourcecode.c.objc; path = CXMLNode_XPathExtensions.m; sourceTree = "<group>"; };
		D7B95E8618DC7E1E00014CBD /* TouchXML.h */ = {isa = PBXFileReference; fileEncoding = 4; lastKnownFileType = sourcecode.c.h; path = TouchXML.h; sourceTree = "<group>"; };
/* End PBXFileReference section */

/* Begin PBXFrameworksBuildPhase section */
		3803C56418D2FFC2007D6A32 /* Frameworks */ = {
			isa = PBXFrameworksBuildPhase;
			buildActionMask = 2147483647;
			files = (
				D746FD5518D8EA5800EBA6E7 /* AVFoundation.framework in Frameworks */,
				3803C56D18D2FFC2007D6A32 /* CoreGraphics.framework in Frameworks */,
				3803C57118D2FFC2007D6A32 /* CoreData.framework in Frameworks */,
				3803C56F18D2FFC2007D6A32 /* UIKit.framework in Frameworks */,
				3803C56B18D2FFC2007D6A32 /* Foundation.framework in Frameworks */,
			);
			runOnlyForDeploymentPostprocessing = 0;
		};
		3803C58418D2FFC3007D6A32 /* Frameworks */ = {
			isa = PBXFrameworksBuildPhase;
			buildActionMask = 2147483647;
			files = (
				3803C58918D2FFC3007D6A32 /* XCTest.framework in Frameworks */,
				3803C58C18D2FFC3007D6A32 /* CoreData.framework in Frameworks */,
				3803C58B18D2FFC3007D6A32 /* UIKit.framework in Frameworks */,
				3803C58A18D2FFC3007D6A32 /* Foundation.framework in Frameworks */,
			);
			runOnlyForDeploymentPostprocessing = 0;
		};
/* End PBXFrameworksBuildPhase section */

/* Begin PBXGroup section */
		3803C55E18D2FFC2007D6A32 = {
			isa = PBXGroup;
			children = (
				D7B95E2E18DC7E1D00014CBD /* WS */,
				38BBDF8F18D4DDCF00A2E9AF /* BaseDatos */,
				3803C57218D2FFC2007D6A32 /* SemanaSantaApp */,
				3803C5F118D32004007D6A32 /* twitter */,
				3803C5F018D31FE7007D6A32 /* enlaces */,
				3803C5EF18D31FD4007D6A32 /* horarios */,
				3803C58F18D2FFC3007D6A32 /* SemanaSantaAppTests */,
				3803C56918D2FFC2007D6A32 /* Frameworks */,
				3803C56818D2FFC2007D6A32 /* Products */,
				3803C5F218D32034007D6A32 /* recursos */,
			);
			sourceTree = "<group>";
		};
		3803C56818D2FFC2007D6A32 /* Products */ = {
			isa = PBXGroup;
			children = (
				3803C56718D2FFC2007D6A32 /* SemanaSantaApp.app */,
				3803C58718D2FFC3007D6A32 /* SemanaSantaAppTests.xctest */,
			);
			name = Products;
			sourceTree = "<group>";
		};
		3803C56918D2FFC2007D6A32 /* Frameworks */ = {
			isa = PBXGroup;
			children = (
				D746FD5418D8EA5800EBA6E7 /* AVFoundation.framework */,
				3803C56A18D2FFC2007D6A32 /* Foundation.framework */,
				3803C56C18D2FFC2007D6A32 /* CoreGraphics.framework */,
				3803C56E18D2FFC2007D6A32 /* UIKit.framework */,
				3803C57018D2FFC2007D6A32 /* CoreData.framework */,
				3803C58818D2FFC3007D6A32 /* XCTest.framework */,
			);
			name = Frameworks;
			sourceTree = "<group>";
		};
		3803C57218D2FFC2007D6A32 /* SemanaSantaApp */ = {
			isa = PBXGroup;
			children = (
				D746FD5218D8C0B900EBA6E7 /* Images.xcassets */,
				D75E75B118D874210012F71E /* Storyboard.storyboard */,
				3803C57B18D2FFC2007D6A32 /* SSAppDelegate.h */,
				3803C57C18D2FFC2007D6A32 /* SSAppDelegate.m */,
				D75E75B318D8820C0012F71E /* ViewPublicidad.xib */,
				3803C57E18D2FFC2007D6A32 /* SemanaSantaApp.xcdatamodeld */,
				3803C57318D2FFC2007D6A32 /* Supporting Files */,
			);
			path = SemanaSantaApp;
			sourceTree = "<group>";
		};
		3803C57318D2FFC2007D6A32 /* Supporting Files */ = {
			isa = PBXGroup;
			children = (
				3803C57418D2FFC2007D6A32 /* SemanaSantaApp-Info.plist */,
				3803C57518D2FFC2007D6A32 /* InfoPlist.strings */,
				3803C57818D2FFC2007D6A32 /* main.m */,
				3803C57A18D2FFC2007D6A32 /* SemanaSantaApp-Prefix.pch */,
			);
			name = "Supporting Files";
			sourceTree = "<group>";
		};
		3803C58F18D2FFC3007D6A32 /* SemanaSantaAppTests */ = {
			isa = PBXGroup;
			children = (
				3803C59518D2FFC3007D6A32 /* SemanaSantaAppTests.m */,
				3803C59018D2FFC3007D6A32 /* Supporting Files */,
			);
			path = SemanaSantaAppTests;
			sourceTree = "<group>";
		};
		3803C59018D2FFC3007D6A32 /* Supporting Files */ = {
			isa = PBXGroup;
			children = (
				3803C59118D2FFC3007D6A32 /* SemanaSantaAppTests-Info.plist */,
				3803C59218D2FFC3007D6A32 /* InfoPlist.strings */,
			);
			name = "Supporting Files";
			sourceTree = "<group>";
		};
		3803C5EF18D31FD4007D6A32 /* horarios */ = {
			isa = PBXGroup;
			children = (
				383BCF9718D711C80053FCC2 /* SSrecorridoViewController.h */,
				383BCF9818D711C80053FCC2 /* SSrecorridoViewController.m */,
				3830D32618D568C000CA9770 /* SSdatosHermandadViewController.h */,
				3830D32718D568C000CA9770 /* SSdatosHermandadViewController.m */,
				3830D32318D53D3300CA9770 /* SShermandadesViewController.h */,
				3830D32418D53D3300CA9770 /* SShermandadesViewController.m */,
				3803C5A118D307BA007D6A32 /* SSdiasViewController.h */,
				3803C5A218D307BA007D6A32 /* SSdiasViewController.m */,
			);
			name = horarios;
			path = SemanaSantaApp;
			sourceTree = "<group>";
		};
		3803C5F018D31FE7007D6A32 /* enlaces */ = {
			isa = PBXGroup;
			children = (
				38B24FEE18D62FC700BE991F /* SSenlacesWebViewController.h */,
				38B24FEF18D62FC700BE991F /* SSenlacesWebViewController.m */,
				3803C5F618D32436007D6A32 /* SSenlacesViewController.h */,
				3803C5F718D32436007D6A32 /* SSenlacesViewController.m */,
			);
			name = enlaces;
			path = SemanaSantaApp;
			sourceTree = "<group>";
		};
		3803C5F118D32004007D6A32 /* twitter */ = {
			isa = PBXGroup;
			children = (
				38B24FEB18D62AED00BE991F /* SStwitterViewController.h */,
				38B24FEC18D62AED00BE991F /* SStwitterViewController.m */,
			);
			name = twitter;
			sourceTree = "<group>";
		};
		3803C5F218D32034007D6A32 /* recursos */ = {
			isa = PBXGroup;
			children = (
				383BCF9C18D715A80053FCC2 /* cachorro.png */,
				3803C5E718D319EC007D6A32 /* cielo.jpg */,
				3803C5E918D31AA0007D6A32 /* tiempo.png */,
				3803C5EB18D31B76007D6A32 /* radio.png */,
				3803C5ED18D31CA6007D6A32 /* cecop.png */,
			);
			name = recursos;
			sourceTree = "<group>";
		};
		38BBDF8F18D4DDCF00A2E9AF /* BaseDatos */ = {
			isa = PBXGroup;
			children = (
				3827B6BC18DC7C83009B2C9C /* IniciarBaseDatos.h */,
				3827B6BD18DC7C83009B2C9C /* IniciarBaseDatos.m */,
				38F66F7E18D86B130070CE9B /* Dias.h */,
				38F66F7F18D86B130070CE9B /* Dias.m */,
				38F66F7B18D86B130070CE9B /* Recorrido.h */,
				38F66F7C18D86B130070CE9B /* Recorrido.m */,
				38F66F7818D86B130070CE9B /* Publicidad.h */,
				38F66F7918D86B130070CE9B /* Publicidad.m */,
				38F66F7518D86B120070CE9B /* Hermandades.h */,
				38F66F7618D86B120070CE9B /* Hermandades.m */,
			);
			name = BaseDatos;
			path = SemanaSantaApp;
			sourceTree = "<group>";
		};
		D7B95E2E18DC7E1D00014CBD /* WS */ = {
			isa = PBXGroup;
			children = (
				D7B95E2F18DC7E1D00014CBD /* Examples */,
				D7B95E3218DC7E1D00014CBD /* Generated */,
				D7B95E4D18DC7E1D00014CBD /* Soap */,
				D7B95E6B18DC7E1D00014CBD /* TouchXML */,
			);
			name = WS;
			path = Source;
			sourceTree = "<group>";
		};
		D7B95E2F18DC7E1D00014CBD /* Examples */ = {
			isa = PBXGroup;
			children = (
				D7B95E3018DC7E1D00014CBD /* SSWsclassServiceExample.h */,
				D7B95E3118DC7E1D00014CBD /* SSWsclassServiceExample.m */,
			);
			path = Examples;
			sourceTree = "<group>";
		};
		D7B95E3218DC7E1D00014CBD /* Generated */ = {
			isa = PBXGroup;
			children = (
				D7B95E3318DC7E1D00014CBD /* Soap+Prefix.h */,
				D7B95E3418DC7E1D00014CBD /* Soap+Prefix.m */,
				D7B95E3518DC7E1D00014CBD /* SSArrayOfHermandad.h */,
				D7B95E3618DC7E1D00014CBD /* SSArrayOfHermandad.m */,
				D7B95E3718DC7E1D00014CBD /* SSArrayOfHermandadws.h */,
				D7B95E3818DC7E1D00014CBD /* SSArrayOfHermandadws.m */,
				D7B95E3918DC7E1D00014CBD /* SSArrayOfPublicidad.h */,
				D7B95E3A18DC7E1D00014CBD /* SSArrayOfPublicidad.m */,
				D7B95E3B18DC7E1D00014CBD /* SSArrayOfPublicidadws.h */,
				D7B95E3C18DC7E1D00014CBD /* SSArrayOfPublicidadws.m */,
				D7B95E3D18DC7E1D00014CBD /* SSArrayOfRecorrido.h */,
				D7B95E3E18DC7E1D00014CBD /* SSArrayOfRecorrido.m */,
				D7B95E3F18DC7E1D00014CBD /* SSArrayOfRecorridows.h */,
				D7B95E4018DC7E1D00014CBD /* SSArrayOfRecorridows.m */,
				D7B95E4118DC7E1D00014CBD /* SSHermandadWS.h */,
				D7B95E4218DC7E1D00014CBD /* SSHermandadWS.m */,
				D7B95E4318DC7E1D00014CBD /* SSPatrocinadorWS.h */,
				D7B95E4418DC7E1D00014CBD /* SSPatrocinadorWS.m */,
				D7B95E4518DC7E1D00014CBD /* SSPublicidadWS.h */,
				D7B95E4618DC7E1D00014CBD /* SSPublicidadWS.m */,
				D7B95E4718DC7E1D00014CBD /* SSRecorridoWS.h */,
				D7B95E4818DC7E1D00014CBD /* SSRecorridoWS.m */,
				D7B95E4918DC7E1D00014CBD /* SSSudzc.h */,
				D7B95E4A18DC7E1D00014CBD /* SSSudzc.m */,
				D7B95E4B18DC7E1D00014CBD /* SSWsclassService.h */,
				D7B95E4C18DC7E1D00014CBD /* SSWsclassService.m */,
			);
			path = Generated;
			sourceTree = "<group>";
		};
		D7B95E4D18DC7E1D00014CBD /* Soap */ = {
			isa = PBXGroup;
			children = (
				D7B95E4E18DC7E1D00014CBD /* NSData+Base64.h */,
				D7B95E4F18DC7E1D00014CBD /* NSData+Base64.m */,
				D7B95E5018DC7E1D00014CBD /* NSMutableArray+Soap.h */,
				D7B95E5118DC7E1D00014CBD /* NSMutableArray+Soap.m */,
				D7B95E5218DC7E1D00014CBD /* Soap.h */,
				D7B95E5318DC7E1D00014CBD /* Soap.m */,
				D7B95E5418DC7E1D00014CBD /* SoapArray.h */,
				D7B95E5518DC7E1D00014CBD /* SoapArray.m */,
				D7B95E5618DC7E1D00014CBD /* SoapDelegate.h */,
				D7B95E5718DC7E1D00014CBD /* SoapDictionary.h */,
				D7B95E5818DC7E1D00014CBD /* SoapDictionary.m */,
				D7B95E5918DC7E1D00014CBD /* SoapFault.h */,
				D7B95E5A18DC7E1D00014CBD /* SoapFault.m */,
				D7B95E5B18DC7E1D00014CBD /* SoapHandler.h */,
				D7B95E5C18DC7E1D00014CBD /* SoapHandler.m */,
				D7B95E5D18DC7E1D00014CBD /* SoapLiteral.h */,
				D7B95E5E18DC7E1D00014CBD /* SoapLiteral.m */,
				D7B95E5F18DC7E1D00014CBD /* SoapNil.h */,
				D7B95E6018DC7E1D00014CBD /* SoapNil.m */,
				D7B95E6118DC7E1D00014CBD /* SoapObject.h */,
				D7B95E6218DC7E1D00014CBD /* SoapObject.m */,
				D7B95E6318DC7E1D00014CBD /* SoapParameter.h */,
				D7B95E6418DC7E1D00014CBD /* SoapParameter.m */,
				D7B95E6518DC7E1D00014CBD /* SoapReachability.h */,
				D7B95E6618DC7E1D00014CBD /* SoapReachability.m */,
				D7B95E6718DC7E1D00014CBD /* SoapRequest.h */,
				D7B95E6818DC7E1D00014CBD /* SoapRequest.m */,
				D7B95E6918DC7E1D00014CBD /* SoapService.h */,
				D7B95E6A18DC7E1D00014CBD /* SoapService.m */,
			);
			path = Soap;
			sourceTree = "<group>";
		};
		D7B95E6B18DC7E1D00014CBD /* TouchXML */ = {
			isa = PBXGroup;
			children = (
				D7B95E6C18DC7E1D00014CBD /* CTidy.h */,
				D7B95E6D18DC7E1D00014CBD /* CTidy.m */,
				D7B95E6E18DC7E1D00014CBD /* CXHTMLDocument.h */,
				D7B95E6F18DC7E1D00014CBD /* CXHTMLDocument.m */,
				D7B95E7018DC7E1D00014CBD /* CXMLDocument.h */,
				D7B95E7118DC7E1E00014CBD /* CXMLDocument.m */,
				D7B95E7218DC7E1E00014CBD /* CXMLDocument_CreationExtensions.h */,
				D7B95E7318DC7E1E00014CBD /* CXMLDocument_CreationExtensions.m */,
				D7B95E7418DC7E1E00014CBD /* CXMLDocument_PrivateExtensions.h */,
				D7B95E7518DC7E1E00014CBD /* CXMLDocument_PrivateExtensions.m */,
				D7B95E7618DC7E1E00014CBD /* CXMLElement.h */,
				D7B95E7718DC7E1E00014CBD /* CXMLElement.m */,
				D7B95E7818DC7E1E00014CBD /* CXMLElement_CreationExtensions.h */,
				D7B95E7918DC7E1E00014CBD /* CXMLElement_CreationExtensions.m */,
				D7B95E7A18DC7E1E00014CBD /* CXMLElement_ElementTreeExtensions.h */,
				D7B95E7B18DC7E1E00014CBD /* CXMLElement_ElementTreeExtensions.m */,
				D7B95E7C18DC7E1E00014CBD /* CXMLNamespaceNode.h */,
				D7B95E7D18DC7E1E00014CBD /* CXMLNamespaceNode.m */,
				D7B95E7E18DC7E1E00014CBD /* CXMLNode.h */,
				D7B95E7F18DC7E1E00014CBD /* CXMLNode.m */,
				D7B95E8018DC7E1E00014CBD /* CXMLNode_CreationExtensions.h */,
				D7B95E8118DC7E1E00014CBD /* CXMLNode_CreationExtensions.m */,
				D7B95E8218DC7E1E00014CBD /* CXMLNode_PrivateExtensions.h */,
				D7B95E8318DC7E1E00014CBD /* CXMLNode_PrivateExtensions.m */,
				D7B95E8418DC7E1E00014CBD /* CXMLNode_XPathExtensions.h */,
				D7B95E8518DC7E1E00014CBD /* CXMLNode_XPathExtensions.m */,
				D7B95E8618DC7E1E00014CBD /* TouchXML.h */,
			);
			path = TouchXML;
			sourceTree = "<group>";
		};
/* End PBXGroup section */

/* Begin PBXNativeTarget section */
		3803C56618D2FFC2007D6A32 /* SemanaSantaApp */ = {
			isa = PBXNativeTarget;
			buildConfigurationList = 3803C59918D2FFC3007D6A32 /* Build configuration list for PBXNativeTarget "SemanaSantaApp" */;
			buildPhases = (
				3803C56318D2FFC2007D6A32 /* Sources */,
				3803C56418D2FFC2007D6A32 /* Frameworks */,
				3803C56518D2FFC2007D6A32 /* Resources */,
			);
			buildRules = (
			);
			dependencies = (
			);
			name = SemanaSantaApp;
			productName = SemanaSantaApp;
			productReference = 3803C56718D2FFC2007D6A32 /* SemanaSantaApp.app */;
			productType = "com.apple.product-type.application";
		};
		3803C58618D2FFC3007D6A32 /* SemanaSantaAppTests */ = {
			isa = PBXNativeTarget;
			buildConfigurationList = 3803C59C18D2FFC3007D6A32 /* Build configuration list for PBXNativeTarget "SemanaSantaAppTests" */;
			buildPhases = (
				3803C58318D2FFC3007D6A32 /* Sources */,
				3803C58418D2FFC3007D6A32 /* Frameworks */,
				3803C58518D2FFC3007D6A32 /* Resources */,
			);
			buildRules = (
			);
			dependencies = (
				3803C58E18D2FFC3007D6A32 /* PBXTargetDependency */,
			);
			name = SemanaSantaAppTests;
			productName = SemanaSantaAppTests;
			productReference = 3803C58718D2FFC3007D6A32 /* SemanaSantaAppTests.xctest */;
			productType = "com.apple.product-type.bundle.unit-test";
		};
/* End PBXNativeTarget section */

/* Begin PBXProject section */
		3803C55F18D2FFC2007D6A32 /* Project object */ = {
			isa = PBXProject;
			attributes = {
				CLASSPREFIX = SS;
				LastUpgradeCheck = 0510;
				ORGANIZATIONNAME = Kometasoft;
				TargetAttributes = {
					3803C58618D2FFC3007D6A32 = {
						TestTargetID = 3803C56618D2FFC2007D6A32;
					};
				};
			};
			buildConfigurationList = 3803C56218D2FFC2007D6A32 /* Build configuration list for PBXProject "SemanaSantaApp" */;
			compatibilityVersion = "Xcode 3.2";
			developmentRegion = English;
			hasScannedForEncodings = 0;
			knownRegions = (
				en,
			);
			mainGroup = 3803C55E18D2FFC2007D6A32;
			productRefGroup = 3803C56818D2FFC2007D6A32 /* Products */;
			projectDirPath = "";
			projectRoot = "";
			targets = (
				3803C56618D2FFC2007D6A32 /* SemanaSantaApp */,
				3803C58618D2FFC3007D6A32 /* SemanaSantaAppTests */,
			);
		};
/* End PBXProject section */

/* Begin PBXResourcesBuildPhase section */
		3803C56518D2FFC2007D6A32 /* Resources */ = {
			isa = PBXResourcesBuildPhase;
			buildActionMask = 2147483647;
			files = (
				D746FD5318D8C0B900EBA6E7 /* Images.xcassets in Resources */,
				3803C57718D2FFC2007D6A32 /* InfoPlist.strings in Resources */,
				3803C5EC18D31B76007D6A32 /* radio.png in Resources */,
				D75E75B218D874210012F71E /* Storyboard.storyboard in Resources */,
				D75E75B418D8820C0012F71E /* ViewPublicidad.xib in Resources */,
				3803C5E818D319EC007D6A32 /* cielo.jpg in Resources */,
				3803C5EE18D31CA6007D6A32 /* cecop.png in Resources */,
				3803C5EA18D31AA0007D6A32 /* tiempo.png in Resources */,
				383BCF9D18D715A80053FCC2 /* cachorro.png in Resources */,
			);
			runOnlyForDeploymentPostprocessing = 0;
		};
		3803C58518D2FFC3007D6A32 /* Resources */ = {
			isa = PBXResourcesBuildPhase;
			buildActionMask = 2147483647;
			files = (
				3803C59418D2FFC3007D6A32 /* InfoPlist.strings in Resources */,
			);
			runOnlyForDeploymentPostprocessing = 0;
		};
/* End PBXResourcesBuildPhase section */

/* Begin PBXSourcesBuildPhase section */
		3803C56318D2FFC2007D6A32 /* Sources */ = {
			isa = PBXSourcesBuildPhase;
			buildActionMask = 2147483647;
			files = (
				D7B95E9118DC7E1E00014CBD /* SSPublicidadWS.m in Sources */,
				D7B95EA418DC7E1E00014CBD /* CXHTMLDocument.m in Sources */,
				3830D32818D568C000CA9770 /* SSdatosHermandadViewController.m in Sources */,
				38B24FED18D62AED00BE991F /* SStwitterViewController.m in Sources */,
				D7B95EA018DC7E1E00014CBD /* SoapReachability.m in Sources */,
				D7B95EAA18DC7E1E00014CBD /* CXMLElement_ElementTreeExtensions.m in Sources */,
				38F66F8018D86B130070CE9B /* Dias.m in Sources */,
				D7B95EA818DC7E1E00014CBD /* CXMLElement.m in Sources */,
				D7B95E8B18DC7E1E00014CBD /* SSArrayOfPublicidad.m in Sources */,
				D7B95EAB18DC7E1E00014CBD /* CXMLNamespaceNode.m in Sources */,
				D7B95E9418DC7E1E00014CBD /* SSWsclassService.m in Sources */,
				D7B95E8918DC7E1E00014CBD /* SSArrayOfHermandad.m in Sources */,
				38F66F7718D86B120070CE9B /* Hermandades.m in Sources */,
				3803C5F818D32436007D6A32 /* SSenlacesViewController.m in Sources */,
				D7B95EA118DC7E1E00014CBD /* SoapRequest.m in Sources */,
				38F66F7D18D86B130070CE9B /* Recorrido.m in Sources */,
				383BCF9918D711C80053FCC2 /* SSrecorridoViewController.m in Sources */,
				D7B95EA518DC7E1E00014CBD /* CXMLDocument.m in Sources */,
				D7B95E8718DC7E1E00014CBD /* SSWsclassServiceExample.m in Sources */,
				D7B95EA718DC7E1E00014CBD /* CXMLDocument_PrivateExtensions.m in Sources */,
				D7B95E8A18DC7E1E00014CBD /* SSArrayOfHermandadws.m in Sources */,
				3827B6BE18DC7C83009B2C9C /* IniciarBaseDatos.m in Sources */,
				D7B95E9D18DC7E1E00014CBD /* SoapNil.m in Sources */,
				38B24FF018D62FC700BE991F /* SSenlacesWebViewController.m in Sources */,
				38F66F7A18D86B130070CE9B /* Publicidad.m in Sources */,
				D7B95E9218DC7E1E00014CBD /* SSRecorridoWS.m in Sources */,
				D7B95EA218DC7E1E00014CBD /* SoapService.m in Sources */,
				D7B95E9518DC7E1E00014CBD /* NSData+Base64.m in Sources */,
				D7B95EAC18DC7E1E00014CBD /* CXMLNode.m in Sources */,
				D7B95E9C18DC7E1E00014CBD /* SoapLiteral.m in Sources */,
				D7B95E8F18DC7E1E00014CBD /* SSHermandadWS.m in Sources */,
				D7B95EA918DC7E1E00014CBD /* CXMLElement_CreationExtensions.m in Sources */,
				D7B95EAD18DC7E1E00014CBD /* CXMLNode_CreationExtensions.m in Sources */,
				D7B95E8D18DC7E1E00014CBD /* SSArrayOfRecorrido.m in Sources */,
				D7B95E9F18DC7E1E00014CBD /* SoapParameter.m in Sources */,
				D7B95EAF18DC7E1E00014CBD /* CXMLNode_XPathExtensions.m in Sources */,
				D7B95E9718DC7E1E00014CBD /* Soap.m in Sources */,
				D7B95E8818DC7E1E00014CBD /* Soap+Prefix.m in Sources */,
				D7B95E9918DC7E1E00014CBD /* SoapDictionary.m in Sources */,
				D7B95E9618DC7E1E00014CBD /* NSMutableArray+Soap.m in Sources */,
				D7B95E9318DC7E1E00014CBD /* SSSudzc.m in Sources */,
				3803C5A318D307BA007D6A32 /* SSdiasViewController.m in Sources */,
				3803C57D18D2FFC2007D6A32 /* SSAppDelegate.m in Sources */,
				3803C57918D2FFC2007D6A32 /* main.m in Sources */,
				3803C58018D2FFC2007D6A32 /* SemanaSantaApp.xcdatamodeld in Sources */,
				D7B95E9A18DC7E1E00014CBD /* SoapFault.m in Sources */,
				D7B95EAE18DC7E1E00014CBD /* CXMLNode_PrivateExtensions.m in Sources */,
				D7B95E9018DC7E1E00014CBD /* SSPatrocinadorWS.m in Sources */,
				D7B95E9818DC7E1E00014CBD /* SoapArray.m in Sources */,
				D7B95E8E18DC7E1E00014CBD /* SSArrayOfRecorridows.m in Sources */,
				D7B95E9B18DC7E1E00014CBD /* SoapHandler.m in Sources */,
				D7B95E8C18DC7E1E00014CBD /* SSArrayOfPublicidadws.m in Sources */,
				D7B95E9E18DC7E1E00014CBD /* SoapObject.m in Sources */,
				3830D32518D53D3300CA9770 /* SShermandadesViewController.m in Sources */,
				D7B95EA318DC7E1E00014CBD /* CTidy.m in Sources */,
				D7B95EA618DC7E1E00014CBD /* CXMLDocument_CreationExtensions.m in Sources */,
			);
			runOnlyForDeploymentPostprocessing = 0;
		};
		3803C58318D2FFC3007D6A32 /* Sources */ = {
			isa = PBXSourcesBuildPhase;
			buildActionMask = 2147483647;
			files = (
				3803C59618D2FFC3007D6A32 /* SemanaSantaAppTests.m in Sources */,
			);
			runOnlyForDeploymentPostprocessing = 0;
		};
/* End PBXSourcesBuildPhase section */

/* Begin PBXTargetDependency section */
		3803C58E18D2FFC3007D6A32 /* PBXTargetDependency */ = {
			isa = PBXTargetDependency;
			target = 3803C56618D2FFC2007D6A32 /* SemanaSantaApp */;
			targetProxy = 3803C58D18D2FFC3007D6A32 /* PBXContainerItemProxy */;
		};
/* End PBXTargetDependency section */

/* Begin PBXVariantGroup section */
		3803C57518D2FFC2007D6A32 /* InfoPlist.strings */ = {
			isa = PBXVariantGroup;
			children = (
				3803C57618D2FFC2007D6A32 /* en */,
			);
			name = InfoPlist.strings;
			sourceTree = "<group>";
		};
		3803C59218D2FFC3007D6A32 /* InfoPlist.strings */ = {
			isa = PBXVariantGroup;
			children = (
				3803C59318D2FFC3007D6A32 /* en */,
			);
			name = InfoPlist.strings;
			sourceTree = "<group>";
		};
/* End PBXVariantGroup section */

/* Begin XCBuildConfiguration section */
		3803C59718D2FFC3007D6A32 /* Debug */ = {
			isa = XCBuildConfiguration;
			buildSettings = {
				ALWAYS_SEARCH_USER_PATHS = NO;
				CLANG_CXX_LANGUAGE_STANDARD = "gnu++0x";
				CLANG_CXX_LIBRARY = "libc++";
				CLANG_ENABLE_MODULES = YES;
				CLANG_ENABLE_OBJC_ARC = YES;
				CLANG_WARN_BOOL_CONVERSION = YES;
				CLANG_WARN_CONSTANT_CONVERSION = YES;
				CLANG_WARN_DIRECT_OBJC_ISA_USAGE = YES_ERROR;
				CLANG_WARN_EMPTY_BODY = YES;
				CLANG_WARN_ENUM_CONVERSION = YES;
				CLANG_WARN_INT_CONVERSION = YES;
				CLANG_WARN_OBJC_ROOT_CLASS = YES_ERROR;
				CLANG_WARN__DUPLICATE_METHOD_MATCH = YES;
				"CODE_SIGN_IDENTITY[sdk=iphoneos*]" = "iPhone Developer";
				COPY_PHASE_STRIP = NO;
				GCC_C_LANGUAGE_STANDARD = gnu99;
				GCC_DYNAMIC_NO_PIC = NO;
				GCC_OPTIMIZATION_LEVEL = 0;
				GCC_PREPROCESSOR_DEFINITIONS = (
					"DEBUG=1",
					"$(inherited)",
				);
				GCC_SYMBOLS_PRIVATE_EXTERN = NO;
				GCC_WARN_64_TO_32_BIT_CONVERSION = YES;
				GCC_WARN_ABOUT_RETURN_TYPE = YES_ERROR;
				GCC_WARN_UNDECLARED_SELECTOR = YES;
				GCC_WARN_UNINITIALIZED_AUTOS = YES_AGGRESSIVE;
				GCC_WARN_UNUSED_FUNCTION = YES;
				GCC_WARN_UNUSED_VARIABLE = YES;
				IPHONEOS_DEPLOYMENT_TARGET = 7.1;
				ONLY_ACTIVE_ARCH = YES;
				SDKROOT = iphoneos;
			};
			name = Debug;
		};
		3803C59818D2FFC3007D6A32 /* Release */ = {
			isa = XCBuildConfiguration;
			buildSettings = {
				ALWAYS_SEARCH_USER_PATHS = NO;
				CLANG_CXX_LANGUAGE_STANDARD = "gnu++0x";
				CLANG_CXX_LIBRARY = "libc++";
				CLANG_ENABLE_MODULES = YES;
				CLANG_ENABLE_OBJC_ARC = YES;
				CLANG_WARN_BOOL_CONVERSION = YES;
				CLANG_WARN_CONSTANT_CONVERSION = YES;
				CLANG_WARN_DIRECT_OBJC_ISA_USAGE = YES_ERROR;
				CLANG_WARN_EMPTY_BODY = YES;
				CLANG_WARN_ENUM_CONVERSION = YES;
				CLANG_WARN_INT_CONVERSION = YES;
				CLANG_WARN_OBJC_ROOT_CLASS = YES_ERROR;
				CLANG_WARN__DUPLICATE_METHOD_MATCH = YES;
				"CODE_SIGN_IDENTITY[sdk=iphoneos*]" = "iPhone Developer";
				COPY_PHASE_STRIP = YES;
				ENABLE_NS_ASSERTIONS = NO;
				GCC_C_LANGUAGE_STANDARD = gnu99;
				GCC_WARN_64_TO_32_BIT_CONVERSION = YES;
				GCC_WARN_ABOUT_RETURN_TYPE = YES_ERROR;
				GCC_WARN_UNDECLARED_SELECTOR = YES;
				GCC_WARN_UNINITIALIZED_AUTOS = YES_AGGRESSIVE;
				GCC_WARN_UNUSED_FUNCTION = YES;
				GCC_WARN_UNUSED_VARIABLE = YES;
				IPHONEOS_DEPLOYMENT_TARGET = 7.1;
				SDKROOT = iphoneos;
				VALIDATE_PRODUCT = YES;
			};
			name = Release;
		};
		3803C59A18D2FFC3007D6A32 /* Debug */ = {
			isa = XCBuildConfiguration;
			buildSettings = {
				ASSETCATALOG_COMPILER_APPICON_NAME = AppIcon;
				ASSETCATALOG_COMPILER_LAUNCHIMAGE_NAME = LaunchImage;
				GCC_PRECOMPILE_PREFIX_HEADER = YES;
				GCC_PREFIX_HEADER = "SemanaSantaApp/SemanaSantaApp-Prefix.pch";
				INFOPLIST_FILE = "SemanaSantaApp/SemanaSantaApp-Info.plist";
				IPHONEOS_DEPLOYMENT_TARGET = 7.0;
				PRODUCT_NAME = "$(TARGET_NAME)";
				WRAPPER_EXTENSION = app;
			};
			name = Debug;
		};
		3803C59B18D2FFC3007D6A32 /* Release */ = {
			isa = XCBuildConfiguration;
			buildSettings = {
				ASSETCATALOG_COMPILER_APPICON_NAME = AppIcon;
				ASSETCATALOG_COMPILER_LAUNCHIMAGE_NAME = LaunchImage;
				GCC_PRECOMPILE_PREFIX_HEADER = YES;
				GCC_PREFIX_HEADER = "SemanaSantaApp/SemanaSantaApp-Prefix.pch";
				INFOPLIST_FILE = "SemanaSantaApp/SemanaSantaApp-Info.plist";
				IPHONEOS_DEPLOYMENT_TARGET = 7.0;
				PRODUCT_NAME = "$(TARGET_NAME)";
				WRAPPER_EXTENSION = app;
			};
			name = Release;
		};
		3803C59D18D2FFC3007D6A32 /* Debug */ = {
			isa = XCBuildConfiguration;
			buildSettings = {
				BUNDLE_LOADER = "$(BUILT_PRODUCTS_DIR)/SemanaSantaApp.app/SemanaSantaApp";
				FRAMEWORK_SEARCH_PATHS = (
					"$(SDKROOT)/Developer/Library/Frameworks",
					"$(inherited)",
					"$(DEVELOPER_FRAMEWORKS_DIR)",
				);
				GCC_PRECOMPILE_PREFIX_HEADER = YES;
				GCC_PREFIX_HEADER = "SemanaSantaApp/SemanaSantaApp-Prefix.pch";
				GCC_PREPROCESSOR_DEFINITIONS = (
					"DEBUG=1",
					"$(inherited)",
				);
				INFOPLIST_FILE = "SemanaSantaAppTests/SemanaSantaAppTests-Info.plist";
				PRODUCT_NAME = "$(TARGET_NAME)";
				TEST_HOST = "$(BUNDLE_LOADER)";
				WRAPPER_EXTENSION = xctest;
			};
			name = Debug;
		};
		3803C59E18D2FFC3007D6A32 /* Release */ = {
			isa = XCBuildConfiguration;
			buildSettings = {
				BUNDLE_LOADER = "$(BUILT_PRODUCTS_DIR)/SemanaSantaApp.app/SemanaSantaApp";
				FRAMEWORK_SEARCH_PATHS = (
					"$(SDKROOT)/Developer/Library/Frameworks",
					"$(inherited)",
					"$(DEVELOPER_FRAMEWORKS_DIR)",
				);
				GCC_PRECOMPILE_PREFIX_HEADER = YES;
				GCC_PREFIX_HEADER = "SemanaSantaApp/SemanaSantaApp-Prefix.pch";
				INFOPLIST_FILE = "SemanaSantaAppTests/SemanaSantaAppTests-Info.plist";
				PRODUCT_NAME = "$(TARGET_NAME)";
				TEST_HOST = "$(BUNDLE_LOADER)";
				WRAPPER_EXTENSION = xctest;
			};
			name = Release;
		};
/* End XCBuildConfiguration section */

/* Begin XCConfigurationList section */
		3803C56218D2FFC2007D6A32 /* Build configuration list for PBXProject "SemanaSantaApp" */ = {
			isa = XCConfigurationList;
			buildConfigurations = (
				3803C59718D2FFC3007D6A32 /* Debug */,
				3803C59818D2FFC3007D6A32 /* Release */,
			);
			defaultConfigurationIsVisible = 0;
			defaultConfigurationName = Release;
		};
		3803C59918D2FFC3007D6A32 /* Build configuration list for PBXNativeTarget "SemanaSantaApp" */ = {
			isa = XCConfigurationList;
			buildConfigurations = (
				3803C59A18D2FFC3007D6A32 /* Debug */,
				3803C59B18D2FFC3007D6A32 /* Release */,
			);
			defaultConfigurationIsVisible = 0;
			defaultConfigurationName = Release;
		};
		3803C59C18D2FFC3007D6A32 /* Build configuration list for PBXNativeTarget "SemanaSantaAppTests" */ = {
			isa = XCConfigurationList;
			buildConfigurations = (
				3803C59D18D2FFC3007D6A32 /* Debug */,
				3803C59E18D2FFC3007D6A32 /* Release */,
			);
			defaultConfigurationIsVisible = 0;
			defaultConfigurationName = Release;
		};
/* End XCConfigurationList section */

/* Begin XCVersionGroup section */
		3803C57E18D2FFC2007D6A32 /* SemanaSantaApp.xcdatamodeld */ = {
			isa = XCVersionGroup;
			children = (
				3803C57F18D2FFC2007D6A32 /* SemanaSantaApp.xcdatamodel */,
			);
			currentVersion = 3803C57F18D2FFC2007D6A32 /* SemanaSantaApp.xcdatamodel */;
			path = SemanaSantaApp.xcdatamodeld;
			sourceTree = "<group>";
			versionGroupType = wrapper.xcdatamodel;
		};
/* End XCVersionGroup section */
	};
	rootObject = 3803C55F18D2FFC2007D6A32 /* Project object */;
}
